// !$*UTF8*$!
{
	archiveVersion = 1;
	classes = {
	};
	objectVersion = 46;
	objects = {

/* Begin PBXBuildFile section */
		57C322881CB77CAC00C3FFD3 /* main.swift in Sources */ = {isa = PBXBuildFile; fileRef = 57C322871CB77CAC00C3FFD3 /* main.swift */; };
		57C3228F1CB77CF300C3FFD3 /* mechanic.swift in Sources */ = {isa = PBXBuildFile; fileRef = 57C3228E1CB77CF300C3FFD3 /* mechanic.swift */; };
		57C322911CB77D1600C3FFD3 /* mediator.swift in Sources */ = {isa = PBXBuildFile; fileRef = 57C322901CB77D1600C3FFD3 /* mediator.swift */; };
		57C322931CB77D7E00C3FFD3 /* request.swift in Sources */ = {isa = PBXBuildFile; fileRef = 57C322921CB77D7E00C3FFD3 /* request.swift */; };
		57C322951CB77DD300C3FFD3 /* part.swift in Sources */ = {isa = PBXBuildFile; fileRef = 57C322941CB77DD300C3FFD3 /* part.swift */; };
		57C322991CB77FF700C3FFD3 /* request_mediator.swift in Sources */ = {isa = PBXBuildFile; fileRef = 57C322981CB77FF700C3FFD3 /* request_mediator.swift */; };
/* End PBXBuildFile section */

/* Begin PBXCopyFilesBuildPhase section */
		57C322821CB77CAC00C3FFD3 /* CopyFiles */ = {
			isa = PBXCopyFilesBuildPhase;
			buildActionMask = 2147483647;
			dstPath = /usr/share/man/man1/;
			dstSubfolderSpec = 0;
			files = (
			);
			runOnlyForDeploymentPostprocessing = 1;
		};
/* End PBXCopyFilesBuildPhase section */

/* Begin PBXFileReference section */
		57C322841CB77CAC00C3FFD3 /* Mechanic - Mediator */ = {isa = PBXFileReference; explicitFileType = "compiled.mach-o.executable"; includeInIndex = 0; path = "Mechanic - Mediator"; sourceTree = BUILT_PRODUCTS_DIR; };
		57C322871CB77CAC00C3FFD3 /* main.swift */ = {isa = PBXFileReference; lastKnownFileType = sourcecode.swift; path = main.swift; sourceTree = "<group>"; };
		57C3228E1CB77CF300C3FFD3 /* mechanic.swift */ = {isa = PBXFileReference; fileEncoding = 4; lastKnownFileType = sourcecode.swift; path = mechanic.swift; sourceTree = "<group>"; };
		57C322901CB77D1600C3FFD3 /* mediator.swift */ = {isa = PBXFileReference; fileEncoding = 4; lastKnownFileType = sourcecode.swift; path = mediator.swift; sourceTree = "<group>"; };
		57C322921CB77D7E00C3FFD3 /* request.swift */ = {isa = PBXFileReference; fileEncoding = 4; lastKnownFileType = sourcecode.swift; path = request.swift; sourceTree = "<group>"; };
		57C322941CB77DD300C3FFD3 /* part.swift */ = {isa = PBXFileReference; fileEncoding = 4; lastKnownFileType = sourcecode.swift; path = part.swift; sourceTree = "<group>"; };
		57C322981CB77FF700C3FFD3 /* request_mediator.swift */ = {isa = PBXFileReference; fileEncoding = 4; lastKnownFileType = sourcecode.swift; path = request_mediator.swift; sourceTree = "<group>"; };
/* End PBXFileReference section */

/* Begin PBXFrameworksBuildPhase section */
		57C322811CB77CAC00C3FFD3 /* Frameworks */ = {
			isa = PBXFrameworksBuildPhase;
			buildActionMask = 2147483647;
			files = (
			);
			runOnlyForDeploymentPostprocessing = 0;
		};
/* End PBXFrameworksBuildPhase section */

/* Begin PBXGroup section */
		57C3227B1CB77CAC00C3FFD3 = {
			isa = PBXGroup;
			children = (
				57C322861CB77CAC00C3FFD3 /* Mechanic - Mediator */,
				57C322851CB77CAC00C3FFD3 /* Products */,
			);
			sourceTree = "<group>";
		};
		57C322851CB77CAC00C3FFD3 /* Products */ = {
			isa = PBXGroup;
			children = (
				57C322841CB77CAC00C3FFD3 /* Mechanic - Mediator */,
			);
			name = Products;
			sourceTree = "<group>";
		};
		57C322861CB77CAC00C3FFD3 /* Mechanic - Mediator */ = {
			isa = PBXGroup;
			children = (
				57C322871CB77CAC00C3FFD3 /* main.swift */,
				57C3228E1CB77CF300C3FFD3 /* mechanic.swift */,
				57C322901CB77D1600C3FFD3 /* mediator.swift */,
				57C322921CB77D7E00C3FFD3 /* request.swift */,
				57C322941CB77DD300C3FFD3 /* part.swift */,
				57C322981CB77FF700C3FFD3 /* request_mediator.swift */,
			);
			path = "Mechanic - Mediator";
			sourceTree = "<group>";
		};
/* End PBXGroup section */

/* Begin PBXNativeTarget section */
		57C322831CB77CAC00C3FFD3 /* Mechanic - Mediator */ = {
			isa = PBXNativeTarget;
			buildConfigurationList = 57C3228B1CB77CAC00C3FFD3 /* Build configuration list for PBXNativeTarget "Mechanic - Mediator" */;
			buildPhases = (
				57C322801CB77CAC00C3FFD3 /* Sources */,
				57C322811CB77CAC00C3FFD3 /* Frameworks */,
				57C322821CB77CAC00C3FFD3 /* CopyFiles */,
				5796D0431CC2EEEF00286191 /* ShellScript */,
			);
			buildRules = (
			);
			dependencies = (
			);
			name = "Mechanic - Mediator";
			productName = "Mechanic - Mediator";
			productReference = 57C322841CB77CAC00C3FFD3 /* Mechanic - Mediator */;
			productType = "com.apple.product-type.tool";
		};
/* End PBXNativeTarget section */

/* Begin PBXProject section */
		57C3227C1CB77CAC00C3FFD3 /* Project object */ = {
			isa = PBXProject;
			attributes = {
				LastSwiftUpdateCheck = 0720;
				LastUpgradeCheck = 0720;
				ORGANIZATIONNAME = "Reza Shirazian";
				TargetAttributes = {
					57C322831CB77CAC00C3FFD3 = {
						CreatedOnToolsVersion = 7.2.1;
					};
				};
			};
			buildConfigurationList = 57C3227F1CB77CAC00C3FFD3 /* Build configuration list for PBXProject "Mechanic - Mediator" */;
			compatibilityVersion = "Xcode 3.2";
			developmentRegion = English;
			hasScannedForEncodings = 0;
			knownRegions = (
				en,
			);
			mainGroup = 57C3227B1CB77CAC00C3FFD3;
			productRefGroup = 57C322851CB77CAC00C3FFD3 /* Products */;
			projectDirPath = "";
			projectRoot = "";
			targets = (
				57C322831CB77CAC00C3FFD3 /* Mechanic - Mediator */,
			);
		};
/* End PBXProject section */

/* Begin PBXShellScriptBuildPhase section */
		5796D0431CC2EEEF00286191 /* ShellScript */ = {
			isa = PBXShellScriptBuildPhase;
			buildActionMask = 2147483647;
			files = (
			);
			inputPaths = (
			);
			outputPaths = (
			);
			runOnlyForDeploymentPostprocessing = 0;
			shellPath = /bin/sh;
			shellScript = "if which swiftlint >/dev/null; then\nswiftlint\nelse\necho \"warning: SwiftLint not installed, download from https://github.com/realm/SwiftLint\"\nfi";
		};
/* End PBXShellScriptBuildPhase section */

/* Begin PBXSourcesBuildPhase section */
		57C322801CB77CAC00C3FFD3 /* Sources */ = {
			isa = PBXSourcesBuildPhase;
			buildActionMask = 2147483647;
			files = (
				57C322951CB77DD300C3FFD3 /* part.swift in Sources */,
				57C322881CB77CAC00C3FFD3 /* main.swift in Sources */,
				57C322931CB77D7E00C3FFD3 /* request.swift in Sources */,
				57C3228F1CB77CF300C3FFD3 /* mechanic.swift in Sources */,
				57C322991CB77FF700C3FFD3 /* request_mediator.swift in Sources */,
				57C322911CB77D1600C3FFD3 /* mediator.swift in Sources */,
			);
			runOnlyForDeploymentPostprocessing = 0;
		};
/* End PBXSourcesBuildPhase section */

/* Begin XCBuildConfiguration section */
		57C322891CB77CAC00C3FFD3 /* Debug */ = {
			isa = XCBuildConfiguration;
			buildSettings = {
				ALWAYS_SEARCH_USER_PATHS = NO;
				CLANG_CXX_LANGUAGE_STANDARD = "gnu++0x";
				CLANG_CXX_LIBRARY = "libc++";
				CLANG_ENABLE_MODULES = YES;
				CLANG_ENABLE_OBJC_ARC = YES;
				CLANG_WARN_BOOL_CONVERSION = YES;
				CLANG_WARN_CONSTANT_CONVERSION = YES;
				CLANG_WARN_DIRECT_OBJC_ISA_USAGE = YES_ERROR;
				CLANG_WARN_EMPTY_BODY = YES;
				CLANG_WARN_ENUM_CONVERSION = YES;
				CLANG_WARN_INT_CONVERSION = YES;
				CLANG_WARN_OBJC_ROOT_CLASS = YES_ERROR;
				CLANG_WARN_UNREACHABLE_CODE = YES;
				CLANG_WARN__DUPLICATE_METHOD_MATCH = YES;
				CODE_SIGN_IDENTITY = "-";
				COPY_PHASE_STRIP = NO;
				DEBUG_INFORMATION_FORMAT = dwarf;
				ENABLE_STRICT_OBJC_MSGSEND = YES;
				ENABLE_TESTABILITY = YES;
				GCC_C_LANGUAGE_STANDARD = gnu99;
				GCC_DYNAMIC_NO_PIC = NO;
				GCC_NO_COMMON_BLOCKS = YES;
				GCC_OPTIMIZATION_LEVEL = 0;
				GCC_PREPROCESSOR_DEFINITIONS = (
					"DEBUG=1",
					"$(inherited)",
				);
				GCC_WARN_64_TO_32_BIT_CONVERSION = YES;
				GCC_WARN_ABOUT_RETURN_TYPE = YES_ERROR;
				GCC_WARN_UNDECLARED_SELECTOR = YES;
				GCC_WARN_UNINITIALIZED_AUTOS = YES_AGGRESSIVE;
				GCC_WARN_UNUSED_FUNCTION = YES;
				GCC_WARN_UNUSED_VARIABLE = YES;
				MACOSX_DEPLOYMENT_TARGET = 10.10;
				MTL_ENABLE_DEBUG_INFO = YES;
				ONLY_ACTIVE_ARCH = YES;
				SDKROOT = macosx;
				SWIFT_OPTIMIZATION_LEVEL = "-Onone";
			};
			name = Debug;
		};
		57C3228A1CB77CAC00C3FFD3 /* Release */ = {
			isa = XCBuildConfiguration;
			buildSettings = {
				ALWAYS_SEARCH_USER_PATHS = NO;
				CLANG_CXX_LANGUAGE_STANDARD = "gnu++0x";
				CLANG_CXX_LIBRARY = "libc++";
				CLANG_ENABLE_MODULES = YES;
				CLANG_ENABLE_OBJC_ARC = YES;
				CLANG_WARN_BOOL_CONVERSION = YES;
				CLANG_WARN_CONSTANT_CONVERSION = YES;
				CLANG_WARN_DIRECT_OBJC_ISA_USAGE = YES_ERROR;
				CLANG_WARN_EMPTY_BODY = YES;
				CLANG_WARN_ENUM_CONVERSION = YES;
				CLANG_WARN_INT_CONVERSION = YES;
				CLANG_WARN_OBJC_ROOT_CLASS = YES_ERROR;
				CLANG_WARN_UNREACHABLE_CODE = YES;
				CLANG_WARN__DUPLICATE_METHOD_MATCH = YES;
				CODE_SIGN_IDENTITY = "-";
				COPY_PHASE_STRIP = NO;
				DEBUG_INFORMATION_FORMAT = "dwarf-with-dsym";
				ENABLE_NS_ASSERTIONS = NO;
				ENABLE_STRICT_OBJC_MSGSEND = YES;
				GCC_C_LANGUAGE_STANDARD = gnu99;
				GCC_NO_COMMON_BLOCKS = YES;
				GCC_WARN_64_TO_32_BIT_CONVERSION = YES;
				GCC_WARN_ABOUT_RETURN_TYPE = YES_ERROR;
				GCC_WARN_UNDECLARED_SELECTOR = YES;
				GCC_WARN_UNINITIALIZED_AUTOS = YES_AGGRESSIVE;
				GCC_WARN_UNUSED_FUNCTION = YES;
				GCC_WARN_UNUSED_VARIABLE = YES;
				MACOSX_DEPLOYMENT_TARGET = 10.10;
				MTL_ENABLE_DEBUG_INFO = NO;
				SDKROOT = macosx;
			};
			name = Release;
		};
		57C3228C1CB77CAC00C3FFD3 /* Debug */ = {
			isa = XCBuildConfiguration;
			buildSettings = {
				PRODUCT_NAME = "$(TARGET_NAME)";
			};
			name = Debug;
		};
		57C3228D1CB77CAC00C3FFD3 /* Release */ = {
			isa = XCBuildConfiguration;
			buildSettings = {
				PRODUCT_NAME = "$(TARGET_NAME)";
			};
			name = Release;
		};
/* End XCBuildConfiguration section */

/* Begin XCConfigurationList section */
		57C3227F1CB77CAC00C3FFD3 /* Build configuration list for PBXProject "Mechanic - Mediator" */ = {
			isa = XCConfigurationList;
			buildConfigurations = (
				57C322891CB77CAC00C3FFD3 /* Debug */,
				57C3228A1CB77CAC00C3FFD3 /* Release */,
			);
			defaultConfigurationIsVisible = 0;
			defaultConfigurationName = Release;
		};
		57C3228B1CB77CAC00C3FFD3 /* Build configuration list for PBXNativeTarget "Mechanic - Mediator" */ = {
			isa = XCConfigurationList;
			buildConfigurations = (
				57C3228C1CB77CAC00C3FFD3 /* Debug */,
				57C3228D1CB77CAC00C3FFD3 /* Release */,
			);
			defaultConfigurationIsVisible = 0;
			defaultConfigurationName = Release;
		};
/* End XCConfigurationList section */
	};
	rootObject = 57C3227C1CB77CAC00C3FFD3 /* Project object */;
}
